
Microsoft Visual Studio Solution File, Format Version 12.00
# Visual Studio Version 17
VisualStudioVersion = 17.10.35122.118
MinimumVisualStudioVersion = 10.0.40219.1
Project("{9A19103F-16F7-4668-BE54-9A1E7A4F7556}") = "BankLoanApp3", "BankLoanApp3\BankLoanApp3.csproj", "{2F45801E-D63F-433D-B533-484CFA8D4727}"
EndProject
Global
	GlobalSection(SolutionConfigurationPlatforms) = preSolution
		Debug|Any CPU = Debug|Any CPU
		Release|Any CPU = Release|Any CPU
	EndGlobalSection
	GlobalSection(ProjectConfigurationPlatforms) = postSolution
		{2F45801E-D63F-433D-B533-484CFA8D4727}.Debug|Any CPU.ActiveCfg = Debug|Any CPU
		{2F45801E-D63F-433D-B533-484CFA8D4727}.Debug|Any CPU.Build.0 = Debug|Any CPU
		{2F45801E-D63F-433D-B533-484CFA8D4727}.Release|Any CPU.ActiveCfg = Release|Any CPU
		{2F45801E-D63F-433D-B533-484CFA8D4727}.Release|Any CPU.Build.0 = Release|Any CPU
	EndGlobalSection
	GlobalSection(SolutionProperties) = preSolution
		HideSolutionNode = FALSE
	EndGlobalSection
	GlobalSection(ExtensibilityGlobals) = postSolution
		SolutionGuid = {908FD250-3D19-4F48-84D3-E231B046DAFC}
	EndGlobalSection
EndGlobal
